// !$*UTF8*$!
{
	archiveVersion = 1;
	classes = {
	};
	objectVersion = 46;
	objects = {

/* Begin PBXBuildFile section */
		4F7E13FE1BDA2AA30067EB55 /* AppDelegate.swift in Sources */ = {isa = PBXBuildFile; fileRef = 4F7E13FD1BDA2AA30067EB55 /* AppDelegate.swift */; };
		4F7E14001BDA2AA30067EB55 /* ViewController.swift in Sources */ = {isa = PBXBuildFile; fileRef = 4F7E13FF1BDA2AA30067EB55 /* ViewController.swift */; };
		4F7E14031BDA2AA30067EB55 /* Main.storyboard in Resources */ = {isa = PBXBuildFile; fileRef = 4F7E14011BDA2AA30067EB55 /* Main.storyboard */; };
		4F7E14051BDA2AA30067EB55 /* Assets.xcassets in Resources */ = {isa = PBXBuildFile; fileRef = 4F7E14041BDA2AA30067EB55 /* Assets.xcassets */; };
		4F7E14081BDA2AA30067EB55 /* LaunchScreen.storyboard in Resources */ = {isa = PBXBuildFile; fileRef = 4F7E14061BDA2AA30067EB55 /* LaunchScreen.storyboard */; };
/* End PBXBuildFile section */

/* Begin PBXFileReference section */
		4F7E13FA1BDA2AA30067EB55 /* Beacon.app */ = {isa = PBXFileReference; explicitFileType = wrapper.application; includeInIndex = 0; path = Beacon.app; sourceTree = BUILT_PRODUCTS_DIR; };
		4F7E13FD1BDA2AA30067EB55 /* AppDelegate.swift */ = {isa = PBXFileReference; lastKnownFileType = sourcecode.swift; path = AppDelegate.swift; sourceTree = "<group>"; };
		4F7E13FF1BDA2AA30067EB55 /* ViewController.swift */ = {isa = PBXFileReference; lastKnownFileType = sourcecode.swift; path = ViewController.swift; sourceTree = "<group>"; };
		4F7E14021BDA2AA30067EB55 /* Base */ = {isa = PBXFileReference; lastKnownFileType = file.storyboard; name = Base; path = Base.lproj/Main.storyboard; sourceTree = "<group>"; };
		4F7E14041BDA2AA30067EB55 /* Assets.xcassets */ = {isa = PBXFileReference; lastKnownFileType = folder.assetcatalog; path = Assets.xcassets; sourceTree = "<group>"; };
		4F7E14071BDA2AA30067EB55 /* Base */ = {isa = PBXFileReference; lastKnownFileType = file.storyboard; name = Base; path = Base.lproj/LaunchScreen.storyboard; sourceTree = "<group>"; };
		4F7E14091BDA2AA30067EB55 /* Info.plist */ = {isa = PBXFileReference; lastKnownFileType = text.plist.xml; path = Info.plist; sourceTree = "<group>"; };
/* End PBXFileReference section */

/* Begin PBXFrameworksBuildPhase section */
		4F7E13F71BDA2AA30067EB55 /* Frameworks */ = {
			isa = PBXFrameworksBuildPhase;
			buildActionMask = 2147483647;
			files = (
			);
			runOnlyForDeploymentPostprocessing = 0;
		};
/* End PBXFrameworksBuildPhase section */

/* Begin PBXGroup section */
		4F7E13F11BDA2AA30067EB55 = {
			isa = PBXGroup;
			children = (
				4F7E13FC1BDA2AA30067EB55 /* Beacon */,
				4F7E13FB1BDA2AA30067EB55 /* Products */,
			);
			sourceTree = "<group>";
		};
		4F7E13FB1BDA2AA30067EB55 /* Products */ = {
			isa = PBXGroup;
			children = (
				4F7E13FA1BDA2AA30067EB55 /* Beacon.app */,
			);
			name = Products;
			sourceTree = "<group>";
		};
		4F7E13FC1BDA2AA30067EB55 /* Beacon */ = {
			isa = PBXGroup;
			children = (
				4F7E13FD1BDA2AA30067EB55 /* AppDelegate.swift */,
				4F7E13FF1BDA2AA30067EB55 /* ViewController.swift */,
				4F7E14011BDA2AA30067EB55 /* Main.storyboard */,
				4F7E14041BDA2AA30067EB55 /* Assets.xcassets */,
				4F7E14061BDA2AA30067EB55 /* LaunchScreen.storyboard */,
				4F7E14091BDA2AA30067EB55 /* Info.plist */,
			);
			path = Beacon;
			sourceTree = "<group>";
		};
/* End PBXGroup section */

/* Begin PBXNativeTarget section */
		4F7E13F91BDA2AA30067EB55 /* Beacon */ = {
			isa = PBXNativeTarget;
			buildConfigurationList = 4F7E140C1BDA2AA30067EB55 /* Build configuration list for PBXNativeTarget "Beacon" */;
			buildPhases = (
				4F7E13F61BDA2AA30067EB55 /* Sources */,
				4F7E13F71BDA2AA30067EB55 /* Frameworks */,
				4F7E13F81BDA2AA30067EB55 /* Resources */,
			);
			buildRules = (
			);
			dependencies = (
			);
			name = Beacon;
			productName = Beacon;
			productReference = 4F7E13FA1BDA2AA30067EB55 /* Beacon.app */;
			productType = "com.apple.product-type.application";
		};
/* End PBXNativeTarget section */

/* Begin PBXProject section */
		4F7E13F21BDA2AA30067EB55 /* Project object */ = {
			isa = PBXProject;
			attributes = {
				LastSwiftUpdateCheck = 0710;
				LastUpgradeCheck = 0710;
				ORGANIZATIONNAME = SourcePad;
				TargetAttributes = {
					4F7E13F91BDA2AA30067EB55 = {
						CreatedOnToolsVersion = 7.1;
					};
				};
			};
			buildConfigurationList = 4F7E13F51BDA2AA30067EB55 /* Build configuration list for PBXProject "Beacon" */;
			compatibilityVersion = "Xcode 3.2";
			developmentRegion = English;
			hasScannedForEncodings = 0;
			knownRegions = (
				en,
				Base,
			);
			mainGroup = 4F7E13F11BDA2AA30067EB55;
			productRefGroup = 4F7E13FB1BDA2AA30067EB55 /* Products */;
			projectDirPath = "";
			projectRoot = "";
			targets = (
				4F7E13F91BDA2AA30067EB55 /* Beacon */,
			);
		};
/* End PBXProject section */

/* Begin PBXResourcesBuildPhase section */
		4F7E13F81BDA2AA30067EB55 /* Resources */ = {
			isa = PBXResourcesBuildPhase;
			buildActionMask = 2147483647;
			files = (
				4F7E14081BDA2AA30067EB55 /* LaunchScreen.storyboard in Resources */,
				4F7E14051BDA2AA30067EB55 /* Assets.xcassets in Resources */,
				4F7E14031BDA2AA30067EB55 /* Main.storyboard in Resources */,
			);
			runOnlyForDeploymentPostprocessing = 0;
		};
/* End PBXResourcesBuildPhase section */

/* Begin PBXSourcesBuildPhase section */
		4F7E13F61BDA2AA30067EB55 /* Sources */ = {
			isa = PBXSourcesBuildPhase;
			buildActionMask = 2147483647;
			files = (
				4F7E14001BDA2AA30067EB55 /* ViewController.swift in Sources */,
				4F7E13FE1BDA2AA30067EB55 /* AppDelegate.swift in Sources */,
			);
			runOnlyForDeploymentPostprocessing = 0;
		};
/* End PBXSourcesBuildPhase section */

/* Begin PBXVariantGroup section */
		4F7E14011BDA2AA30067EB55 /* Main.storyboard */ = {
			isa = PBXVariantGroup;
			children = (
				4F7E14021BDA2AA30067EB55 /* Base */,
			);
			name = Main.storyboard;
			sourceTree = "<group>";
		};
		4F7E14061BDA2AA30067EB55 /* LaunchScreen.storyboard */ = {
			isa = PBXVariantGroup;
			children = (
				4F7E14071BDA2AA30067EB55 /* Base */,
			);
			name = LaunchScreen.storyboard;
			sourceTree = "<group>";
		};
/* End PBXVariantGroup section */

/* Begin XCBuildConfiguration section */
		4F7E140A1BDA2AA30067EB55 /* Debug */ = {
			isa = XCBuildConfiguration;
			buildSettings = {
				ALWAYS_SEARCH_USER_PATHS = NO;
				CLANG_CXX_LANGUAGE_STANDARD = "gnu++0x";
				CLANG_CXX_LIBRARY = "libc++";
				CLANG_ENABLE_MODULES = YES;
				CLANG_ENABLE_OBJC_ARC = YES;
				CLANG_WARN_BOOL_CONVERSION = YES;
				CLANG_WARN_CONSTANT_CONVERSION = YES;
				CLANG_WARN_DIRECT_OBJC_ISA_USAGE = YES_ERROR;
				CLANG_WARN_EMPTY_BODY = YES;
				CLANG_WARN_ENUM_CONVERSION = YES;
				CLANG_WARN_INT_CONVERSION = YES;
				CLANG_WARN_OBJC_ROOT_CLASS = YES_ERROR;
				CLANG_WARN_UNREACHABLE_CODE = YES;
				CLANG_WARN__DUPLICATE_METHOD_MATCH = YES;
				"CODE_SIGN_IDENTITY[sdk=iphoneos*]" = "iPhone Developer";
				COPY_PHASE_STRIP = NO;
				DEBUG_INFORMATION_FORMAT = dwarf;
				ENABLE_STRICT_OBJC_MSGSEND = YES;
				ENABLE_TESTABILITY = YES;
				GCC_C_LANGUAGE_STANDARD = gnu99;
				GCC_DYNAMIC_NO_PIC = NO;
				GCC_NO_COMMON_BLOCKS = YES;
				GCC_OPTIMIZATION_LEVEL = 0;
				GCC_PREPROCESSOR_DEFINITIONS = (
					"DEBUG=1",
					"$(inherited)",
				);
				GCC_WARN_64_TO_32_BIT_CONVERSION = YES;
				GCC_WARN_ABOUT_RETURN_TYPE = YES_ERROR;
				GCC_WARN_UNDECLARED_SELECTOR = YES;
				GCC_WARN_UNINITIALIZED_AUTOS = YES_AGGRESSIVE;
				GCC_WARN_UNUSED_FUNCTION = YES;
				GCC_WARN_UNUSED_VARIABLE = YES;
				IPHONEOS_DEPLOYMENT_TARGET = 9.1;
				MTL_ENABLE_DEBUG_INFO = YES;
				ONLY_ACTIVE_ARCH = YES;
				SDKROOT = iphoneos;
				SWIFT_OPTIMIZATION_LEVEL = "-Onone";
			};
			name = Debug;
		};
		4F7E140B1BDA2AA30067EB55 /* Release */ = {
			isa = XCBuildConfiguration;
			buildSettings = {
				ALWAYS_SEARCH_USER_PATHS = NO;
				CLANG_CXX_LANGUAGE_STANDARD = "gnu++0x";
				CLANG_CXX_LIBRARY = "libc++";
				CLANG_ENABLE_MODULES = YES;
				CLANG_ENABLE_OBJC_ARC = YES;
				CLANG_WARN_BOOL_CONVERSION = YES;
				CLANG_WARN_CONSTANT_CONVERSION = YES;
				CLANG_WARN_DIRECT_OBJC_ISA_USAGE = YES_ERROR;
				CLANG_WARN_EMPTY_BODY = YES;
				CLANG_WARN_ENUM_CONVERSION = YES;
				CLANG_WARN_INT_CONVERSION = YES;
				CLANG_WARN_OBJC_ROOT_CLASS = YES_ERROR;
				CLANG_WARN_UNREACHABLE_CODE = YES;
				CLANG_WARN__DUPLICATE_METHOD_MATCH = YES;
				"CODE_SIGN_IDENTITY[sdk=iphoneos*]" = "iPhone Developer";
				COPY_PHASE_STRIP = NO;
				DEBUG_INFORMATION_FORMAT = "dwarf-with-dsym";
				ENABLE_NS_ASSERTIONS = NO;
				ENABLE_STRICT_OBJC_MSGSEND = YES;
				GCC_C_LANGUAGE_STANDARD = gnu99;
				GCC_NO_COMMON_BLOCKS = YES;
				GCC_WARN_64_TO_32_BIT_CONVERSION = YES;
				GCC_WARN_ABOUT_RETURN_TYPE = YES_ERROR;
				GCC_WARN_UNDECLARED_SELECTOR = YES;
				GCC_WARN_UNINITIALIZED_AUTOS = YES_AGGRESSIVE;
				GCC_WARN_UNUSED_FUNCTION = YES;
				GCC_WARN_UNUSED_VARIABLE = YES;
				IPHONEOS_DEPLOYMENT_TARGET = 9.1;
				MTL_ENABLE_DEBUG_INFO = NO;
				SDKROOT = iphoneos;
				VALIDATE_PRODUCT = YES;
			};
			name = Release;
		};
		4F7E140D1BDA2AA30067EB55 /* Debug */ = {
			isa = XCBuildConfiguration;
			buildSettings = {
				ASSETCATALOG_COMPILER_APPICON_NAME = AppIcon;
				INFOPLIST_FILE = Beacon/Info.plist;
				LD_RUNPATH_SEARCH_PATHS = "$(inherited) @executable_path/Frameworks";
				PRODUCT_BUNDLE_IDENTIFIER = com.sourcepad.Beacon;
				PRODUCT_NAME = "$(TARGET_NAME)";
			};
			name = Debug;
		};
		4F7E140E1BDA2AA30067EB55 /* Release */ = {
			isa = XCBuildConfiguration;
			buildSettings = {
				ASSETCATALOG_COMPILER_APPICON_NAME = AppIcon;
				INFOPLIST_FILE = Beacon/Info.plist;
				LD_RUNPATH_SEARCH_PATHS = "$(inherited) @executable_path/Frameworks";
				PRODUCT_BUNDLE_IDENTIFIER = com.sourcepad.Beacon;
				PRODUCT_NAME = "$(TARGET_NAME)";
			};
			name = Release;
		};
/* End XCBuildConfiguration section */

/* Begin XCConfigurationList section */
		4F7E13F51BDA2AA30067EB55 /* Build configuration list for PBXProject "Beacon" */ = {
			isa = XCConfigurationList;
			buildConfigurations = (
				4F7E140A1BDA2AA30067EB55 /* Debug */,
				4F7E140B1BDA2AA30067EB55 /* Release */,
			);
			defaultConfigurationIsVisible = 0;
			defaultConfigurationName = Release;
		};
		4F7E140C1BDA2AA30067EB55 /* Build configuration list for PBXNativeTarget "Beacon" */ = {
			isa = XCConfigurationList;
			buildConfigurations = (
				4F7E140D1BDA2AA30067EB55 /* Debug */,
				4F7E140E1BDA2AA30067EB55 /* Release */,
			);
			defaultConfigurationIsVisible = 0;
		};
/* End XCConfigurationList section */
	};
	rootObject = 4F7E13F21BDA2AA30067EB55 /* Project object */;
}
